
Microsoft Visual Studio Solution File, Format Version 12.00
# Visual Studio Version 17
VisualStudioVersion = 17.13.35931.197
MinimumVisualStudioVersion = 10.0.40219.1
Project("{FAE04EC0-301F-11D3-BF4B-00C04F79EFBC}") = "PRN232.LMS.API", "PRN232.LMS.API\PRN232.LMS.API.csproj", "{41515104-E02B-4389-BCB5-CE14C6D27CE8}"
EndProject
Project("{FAE04EC0-301F-11D3-BF4B-00C04F79EFBC}") = "PRN232.LMS.Services", "PRN232.LMS.Services\PRN232.LMS.Services.csproj", "{294F3120-CF4B-4062-B68F-639C0008A516}"
EndProject
Project("{FAE04EC0-301F-11D3-BF4B-00C04F79EFBC}") = "PRN232.LMS.Repositories", "PRN232.LMS.Repositories\PRN232.LMS.Repositories.csproj", "{F7701062-79F4-4523-A5E8-EC8D1C9F5041}"
EndProject
Project("{FAE04EC0-301F-11D3-BF4B-00C04F79EFBC}") = "PRN232.LMS.Models", "PRN232.LMS.Models\PRN232.LMS.Models.csproj", "{191DCC49-72E6-4191-BB01-EE6E7E765736}"
EndProject
Global
	GlobalSection(SolutionConfigurationPlatforms) = preSolution
		Debug|Any CPU = Debug|Any CPU
		Release|Any CPU = Release|Any CPU
	EndGlobalSection
	GlobalSection(ProjectConfigurationPlatforms) = postSolution
		{41515104-E02B-4389-BCB5-CE14C6D27CE8}.Debug|Any CPU.ActiveCfg = Debug|Any CPU
		{41515104-E02B-4389-BCB5-CE14C6D27CE8}.Debug|Any CPU.Build.0 = Debug|Any CPU
		{41515104-E02B-4389-BCB5-CE14C6D27CE8}.Release|Any CPU.ActiveCfg = Release|Any CPU
		{41515104-E02B-4389-BCB5-CE14C6D27CE8}.Release|Any CPU.Build.0 = Release|Any CPU
		{294F3120-CF4B-4062-B68F-639C0008A516}.Debug|Any CPU.ActiveCfg = Debug|Any CPU
		{294F3120-CF4B-4062-B68F-639C0008A516}.Debug|Any CPU.Build.0 = Debug|Any CPU
		{294F3120-CF4B-4062-B68F-639C0008A516}.Release|Any CPU.ActiveCfg = Release|Any CPU
		{294F3120-CF4B-4062-B68F-639C0008A516}.Release|Any CPU.Build.0 = Release|Any CPU
		{F7701062-79F4-4523-A5E8-EC8D1C9F5041}.Debug|Any CPU.ActiveCfg = Debug|Any CPU
		{F7701062-79F4-4523-A5E8-EC8D1C9F5041}.Debug|Any CPU.Build.0 = Debug|Any CPU
		{F7701062-79F4-4523-A5E8-EC8D1C9F5041}.Release|Any CPU.ActiveCfg = Release|Any CPU
		{F7701062-79F4-4523-A5E8-EC8D1C9F5041}.Release|Any CPU.Build.0 = Release|Any CPU
		{191DCC49-72E6-4191-BB01-EE6E7E765736}.Debug|Any CPU.ActiveCfg = Debug|Any CPU
		{191DCC49-72E6-4191-BB01-EE6E7E765736}.Debug|Any CPU.Build.0 = Debug|Any CPU
		{191DCC49-72E6-4191-BB01-EE6E7E765736}.Release|Any CPU.ActiveCfg = Release|Any CPU
		{191DCC49-72E6-4191-BB01-EE6E7E765736}.Release|Any CPU.Build.0 = Release|Any CPU
	EndGlobalSection
	GlobalSection(SolutionProperties) = preSolution
		HideSolutionNode = FALSE
	EndGlobalSection
	GlobalSection(ExtensibilityGlobals) = postSolution
		SolutionGuid = {85ED8292-AD9D-404E-8458-6EC59AF1D690}
	EndGlobalSection
EndGlobal
